
Microsoft Visual Studio Solution File, Format Version 12.00
# Visual Studio Version 16
VisualStudioVersion = 16.0.29920.165
MinimumVisualStudioVersion = 10.0.40219.1
Project("{FAE04EC0-301F-11D3-BF4B-00C04F79EFBC}") = "WithDotNETFramework", "WithDotNETFramework\WithDotNETFramework.csproj", "{9A539190-7270-448A-AC8C-948E004EF147}"
EndProject
Project("{2150E333-8FDC-42A3-9474-1A3956D46DE8}") = "Solution Items", "Solution Items", "{EC0B8D03-A6A9-4F4A-B875-3A46287F7310}"
	ProjectSection(SolutionItems) = preProject
		.gitignore = .gitignore
		README.md = README.md
	EndProjectSection
EndProject
Global
	GlobalSection(SolutionConfigurationPlatforms) = preSolution
		Debug|Any CPU = Debug|Any CPU
		Release|Any CPU = Release|Any CPU
	EndGlobalSection
	GlobalSection(ProjectConfigurationPlatforms) = postSolution
		{9A539190-7270-448A-AC8C-948E004EF147}.Debug|Any CPU.ActiveCfg = Debug|Any CPU
		{9A539190-7270-448A-AC8C-948E004EF147}.Debug|Any CPU.Build.0 = Debug|Any CPU
		{9A539190-7270-448A-AC8C-948E004EF147}.Release|Any CPU.ActiveCfg = Release|Any CPU
		{9A539190-7270-448A-AC8C-948E004EF147}.Release|Any CPU.Build.0 = Release|Any CPU
	EndGlobalSection
	GlobalSection(SolutionProperties) = preSolution
		HideSolutionNode = FALSE
	EndGlobalSection
	GlobalSection(ExtensibilityGlobals) = postSolution
		SolutionGuid = {EB0B5F8C-5A3C-4B17-9AB7-84104E1C08BD}
	EndGlobalSection
EndGlobal
